
Microsoft Visual Studio Solution File, Format Version 12.00
# Visual Studio Version 18
VisualStudioVersion = 18.1.11312.151 d18.0
MinimumVisualStudioVersion = 10.0.40219.1
Project("{2150E333-8FDC-42A3-9474-1A3956D46DE8}") = "src", "src", "{827E0CD3-B72D-47B6-A68D-7590B98EB39B}"
EndProject
Project("{FAE04EC0-301F-11D3-BF4B-00C04F79EFBC}") = "Algora.Erp.Domain", "src\Algora.Erp.Domain\Algora.Erp.Domain.csproj", "{760B1B01-8084-4D14-8091-6F5DA5038632}"
EndProject
Project("{FAE04EC0-301F-11D3-BF4B-00C04F79EFBC}") = "Algora.Erp.Application", "src\Algora.Erp.Application\Algora.Erp.Application.csproj", "{DF228177-8D07-499F-9734-33AE48FB1286}"
EndProject
Project("{FAE04EC0-301F-11D3-BF4B-00C04F79EFBC}") = "Algora.Erp.Infrastructure", "src\Algora.Erp.Infrastructure\Algora.Erp.Infrastructure.csproj", "{9DA3FF17-2A0E-45B7-B9A5-FBA9F41B755A}"
EndProject
Project("{FAE04EC0-301F-11D3-BF4B-00C04F79EFBC}") = "Algora.Erp.Web", "src\Algora.Erp.Web\Algora.Erp.Web.csproj", "{4D4927D3-CB80-4D75-9699-2BCCC67D613E}"
EndProject
Project("{FAE04EC0-301F-11D3-BF4B-00C04F79EFBC}") = "Algora.Erp.Integrations", "src\Algora.Erp.Integrations\Algora.Erp.Integrations.csproj", "{3EE6DBBF-C5FA-482A-A351-A256025E106B}"
EndProject
Project("{FAE04EC0-301F-11D3-BF4B-00C04F79EFBC}") = "Algora.Erp.Admin", "src\Algora.Erp.Admin\Algora.Erp.Admin.csproj", "{B66D51AB-D684-4A5F-AE45-6A4B8F14AB98}"
EndProject
Project("{FAE04EC0-301F-11D3-BF4B-00C04F79EFBC}") = "Algora.Erp.Auth", "src\Algora.Erp.Auth\Algora.Erp.Auth.csproj", "{C8E7B2A1-5F3D-4E2B-9A1C-6D8E4F5B3A2C}"
EndProject
Project("{2150E333-8FDC-42A3-9474-1A3956D46DE8}") = "tests", "tests", "{A1B2C3D4-E5F6-7890-ABCD-EF1234567890}"
EndProject
Project("{FAE04EC0-301F-11D3-BF4B-00C04F79EFBC}") = "Algora.Erp.Domain.Tests", "tests\Algora.Erp.Domain.Tests\Algora.Erp.Domain.Tests.csproj", "{D1E2F3A4-B5C6-7890-1234-567890ABCDEF}"
EndProject
Project("{FAE04EC0-301F-11D3-BF4B-00C04F79EFBC}") = "Algora.Erp.Application.Tests", "tests\Algora.Erp.Application.Tests\Algora.Erp.Application.Tests.csproj", "{E2F3A4B5-C6D7-8901-2345-67890ABCDEF1}"
EndProject
Project("{FAE04EC0-301F-11D3-BF4B-00C04F79EFBC}") = "Algora.Erp.Auth.Tests", "tests\Algora.Erp.Auth.Tests\Algora.Erp.Auth.Tests.csproj", "{F3A4B5C6-D7E8-9012-3456-7890ABCDEF12}"
EndProject
Project("{FAE04EC0-301F-11D3-BF4B-00C04F79EFBC}") = "Algora.Erp.Infrastructure.Tests", "tests\Algora.Erp.Infrastructure.Tests\Algora.Erp.Infrastructure.Tests.csproj", "{A4B5C6D7-E8F9-0123-4567-890ABCDEF123}"
EndProject
Global
	GlobalSection(SolutionConfigurationPlatforms) = preSolution
		Debug|Any CPU = Debug|Any CPU
		Debug|x64 = Debug|x64
		Debug|x86 = Debug|x86
		Release|Any CPU = Release|Any CPU
		Release|x64 = Release|x64
		Release|x86 = Release|x86
	EndGlobalSection
	GlobalSection(ProjectConfigurationPlatforms) = postSolution
		{760B1B01-8084-4D14-8091-6F5DA5038632}.Debug|Any CPU.ActiveCfg = Debug|Any CPU
		{760B1B01-8084-4D14-8091-6F5DA5038632}.Debug|Any CPU.Build.0 = Debug|Any CPU
		{760B1B01-8084-4D14-8091-6F5DA5038632}.Debug|x64.ActiveCfg = Debug|Any CPU
		{760B1B01-8084-4D14-8091-6F5DA5038632}.Debug|x64.Build.0 = Debug|Any CPU
		{760B1B01-8084-4D14-8091-6F5DA5038632}.Debug|x86.ActiveCfg = Debug|Any CPU
		{760B1B01-8084-4D14-8091-6F5DA5038632}.Debug|x86.Build.0 = Debug|Any CPU
		{760B1B01-8084-4D14-8091-6F5DA5038632}.Release|Any CPU.ActiveCfg = Release|Any CPU
		{760B1B01-8084-4D14-8091-6F5DA5038632}.Release|Any CPU.Build.0 = Release|Any CPU
		{760B1B01-8084-4D14-8091-6F5DA5038632}.Release|x64.ActiveCfg = Release|Any CPU
		{760B1B01-8084-4D14-8091-6F5DA5038632}.Release|x64.Build.0 = Release|Any CPU
		{760B1B01-8084-4D14-8091-6F5DA5038632}.Release|x86.ActiveCfg = Release|Any CPU
		{760B1B01-8084-4D14-8091-6F5DA5038632}.Release|x86.Build.0 = Release|Any CPU
		{DF228177-8D07-499F-9734-33AE48FB1286}.Debug|Any CPU.ActiveCfg = Debug|Any CPU
		{DF228177-8D07-499F-9734-33AE48FB1286}.Debug|Any CPU.Build.0 = Debug|Any CPU
		{DF228177-8D07-499F-9734-33AE48FB1286}.Debug|x64.ActiveCfg = Debug|Any CPU
		{DF228177-8D07-499F-9734-33AE48FB1286}.Debug|x64.Build.0 = Debug|Any CPU
		{DF228177-8D07-499F-9734-33AE48FB1286}.Debug|x86.ActiveCfg = Debug|Any CPU
		{DF228177-8D07-499F-9734-33AE48FB1286}.Debug|x86.Build.0 = Debug|Any CPU
		{DF228177-8D07-499F-9734-33AE48FB1286}.Release|Any CPU.ActiveCfg = Release|Any CPU
		{DF228177-8D07-499F-9734-33AE48FB1286}.Release|Any CPU.Build.0 = Release|Any CPU
		{DF228177-8D07-499F-9734-33AE48FB1286}.Release|x64.ActiveCfg = Release|Any CPU
		{DF228177-8D07-499F-9734-33AE48FB1286}.Release|x64.Build.0 = Release|Any CPU
		{DF228177-8D07-499F-9734-33AE48FB1286}.Release|x86.ActiveCfg = Release|Any CPU
		{DF228177-8D07-499F-9734-33AE48FB1286}.Release|x86.Build.0 = Release|Any CPU
		{9DA3FF17-2A0E-45B7-B9A5-FBA9F41B755A}.Debug|Any CPU.ActiveCfg = Debug|Any CPU
		{9DA3FF17-2A0E-45B7-B9A5-FBA9F41B755A}.Debug|Any CPU.Build.0 = Debug|Any CPU
		{9DA3FF17-2A0E-45B7-B9A5-FBA9F41B755A}.Debug|x64.ActiveCfg = Debug|Any CPU
		{9DA3FF17-2A0E-45B7-B9A5-FBA9F41B755A}.Debug|x64.Build.0 = Debug|Any CPU
		{9DA3FF17-2A0E-45B7-B9A5-FBA9F41B755A}.Debug|x86.ActiveCfg = Debug|Any CPU
		{9DA3FF17-2A0E-45B7-B9A5-FBA9F41B755A}.Debug|x86.Build.0 = Debug|Any CPU
		{9DA3FF17-2A0E-45B7-B9A5-FBA9F41B755A}.Release|Any CPU.ActiveCfg = Release|Any CPU
		{9DA3FF17-2A0E-45B7-B9A5-FBA9F41B755A}.Release|Any CPU.Build.0 = Release|Any CPU
		{9DA3FF17-2A0E-45B7-B9A5-FBA9F41B755A}.Release|x64.ActiveCfg = Release|Any CPU
		{9DA3FF17-2A0E-45B7-B9A5-FBA9F41B755A}.Release|x64.Build.0 = Release|Any CPU
		{9DA3FF17-2A0E-45B7-B9A5-FBA9F41B755A}.Release|x86.ActiveCfg = Release|Any CPU
		{9DA3FF17-2A0E-45B7-B9A5-FBA9F41B755A}.Release|x86.Build.0 = Release|Any CPU
		{4D4927D3-CB80-4D75-9699-2BCCC67D613E}.Debug|Any CPU.ActiveCfg = Debug|Any CPU
		{4D4927D3-CB80-4D75-9699-2BCCC67D613E}.Debug|Any CPU.Build.0 = Debug|Any CPU
		{4D4927D3-CB80-4D75-9699-2BCCC67D613E}.Debug|x64.ActiveCfg = Debug|Any CPU
		{4D4927D3-CB80-4D75-9699-2BCCC67D613E}.Debug|x64.Build.0 = Debug|Any CPU
		{4D4927D3-CB80-4D75-9699-2BCCC67D613E}.Debug|x86.ActiveCfg = Debug|Any CPU
		{4D4927D3-CB80-4D75-9699-2BCCC67D613E}.Debug|x86.Build.0 = Debug|Any CPU
		{4D4927D3-CB80-4D75-9699-2BCCC67D613E}.Release|Any CPU.ActiveCfg = Release|Any CPU
		{4D4927D3-CB80-4D75-9699-2BCCC67D613E}.Release|Any CPU.Build.0 = Release|Any CPU
		{4D4927D3-CB80-4D75-9699-2BCCC67D613E}.Release|x64.ActiveCfg = Release|Any CPU
		{4D4927D3-CB80-4D75-9699-2BCCC67D613E}.Release|x64.Build.0 = Release|Any CPU
		{4D4927D3-CB80-4D75-9699-2BCCC67D613E}.Release|x86.ActiveCfg = Release|Any CPU
		{4D4927D3-CB80-4D75-9699-2BCCC67D613E}.Release|x86.Build.0 = Release|Any CPU
		{3EE6DBBF-C5FA-482A-A351-A256025E106B}.Debug|Any CPU.ActiveCfg = Debug|Any CPU
		{3EE6DBBF-C5FA-482A-A351-A256025E106B}.Debug|Any CPU.Build.0 = Debug|Any CPU
		{3EE6DBBF-C5FA-482A-A351-A256025E106B}.Debug|x64.ActiveCfg = Debug|Any CPU
		{3EE6DBBF-C5FA-482A-A351-A256025E106B}.Debug|x64.Build.0 = Debug|Any CPU
		{3EE6DBBF-C5FA-482A-A351-A256025E106B}.Debug|x86.ActiveCfg = Debug|Any CPU
		{3EE6DBBF-C5FA-482A-A351-A256025E106B}.Debug|x86.Build.0 = Debug|Any CPU
		{3EE6DBBF-C5FA-482A-A351-A256025E106B}.Release|Any CPU.ActiveCfg = Release|Any CPU
		{3EE6DBBF-C5FA-482A-A351-A256025E106B}.Release|Any CPU.Build.0 = Release|Any CPU
		{3EE6DBBF-C5FA-482A-A351-A256025E106B}.Release|x64.ActiveCfg = Release|Any CPU
		{3EE6DBBF-C5FA-482A-A351-A256025E106B}.Release|x64.Build.0 = Release|Any CPU
		{3EE6DBBF-C5FA-482A-A351-A256025E106B}.Release|x86.ActiveCfg = Release|Any CPU
		{3EE6DBBF-C5FA-482A-A351-A256025E106B}.Release|x86.Build.0 = Release|Any CPU
		{B66D51AB-D684-4A5F-AE45-6A4B8F14AB98}.Debug|Any CPU.ActiveCfg = Debug|Any CPU
		{B66D51AB-D684-4A5F-AE45-6A4B8F14AB98}.Debug|Any CPU.Build.0 = Debug|Any CPU
		{B66D51AB-D684-4A5F-AE45-6A4B8F14AB98}.Debug|x64.ActiveCfg = Debug|Any CPU
		{B66D51AB-D684-4A5F-AE45-6A4B8F14AB98}.Debug|x64.Build.0 = Debug|Any CPU
		{B66D51AB-D684-4A5F-AE45-6A4B8F14AB98}.Debug|x86.ActiveCfg = Debug|Any CPU
		{B66D51AB-D684-4A5F-AE45-6A4B8F14AB98}.Debug|x86.Build.0 = Debug|Any CPU
		{B66D51AB-D684-4A5F-AE45-6A4B8F14AB98}.Release|Any CPU.ActiveCfg = Release|Any CPU
		{B66D51AB-D684-4A5F-AE45-6A4B8F14AB98}.Release|Any CPU.Build.0 = Release|Any CPU
		{B66D51AB-D684-4A5F-AE45-6A4B8F14AB98}.Release|x64.ActiveCfg = Release|Any CPU
		{B66D51AB-D684-4A5F-AE45-6A4B8F14AB98}.Release|x64.Build.0 = Release|Any CPU
		{B66D51AB-D684-4A5F-AE45-6A4B8F14AB98}.Release|x86.ActiveCfg = Release|Any CPU
		{B66D51AB-D684-4A5F-AE45-6A4B8F14AB98}.Release|x86.Build.0 = Release|Any CPU
		{C8E7B2A1-5F3D-4E2B-9A1C-6D8E4F5B3A2C}.Debug|Any CPU.ActiveCfg = Debug|Any CPU
		{C8E7B2A1-5F3D-4E2B-9A1C-6D8E4F5B3A2C}.Debug|Any CPU.Build.0 = Debug|Any CPU
		{C8E7B2A1-5F3D-4E2B-9A1C-6D8E4F5B3A2C}.Debug|x64.ActiveCfg = Debug|Any CPU
		{C8E7B2A1-5F3D-4E2B-9A1C-6D8E4F5B3A2C}.Debug|x64.Build.0 = Debug|Any CPU
		{C8E7B2A1-5F3D-4E2B-9A1C-6D8E4F5B3A2C}.Debug|x86.ActiveCfg = Debug|Any CPU
		{C8E7B2A1-5F3D-4E2B-9A1C-6D8E4F5B3A2C}.Debug|x86.Build.0 = Debug|Any CPU
		{C8E7B2A1-5F3D-4E2B-9A1C-6D8E4F5B3A2C}.Release|Any CPU.ActiveCfg = Release|Any CPU
		{C8E7B2A1-5F3D-4E2B-9A1C-6D8E4F5B3A2C}.Release|Any CPU.Build.0 = Release|Any CPU
		{C8E7B2A1-5F3D-4E2B-9A1C-6D8E4F5B3A2C}.Release|x64.ActiveCfg = Release|Any CPU
		{C8E7B2A1-5F3D-4E2B-9A1C-6D8E4F5B3A2C}.Release|x64.Build.0 = Release|Any CPU
		{C8E7B2A1-5F3D-4E2B-9A1C-6D8E4F5B3A2C}.Release|x86.ActiveCfg = Release|Any CPU
		{C8E7B2A1-5F3D-4E2B-9A1C-6D8E4F5B3A2C}.Release|x86.Build.0 = Release|Any CPU
		{D1E2F3A4-B5C6-7890-1234-567890ABCDEF}.Debug|Any CPU.ActiveCfg = Debug|Any CPU
		{D1E2F3A4-B5C6-7890-1234-567890ABCDEF}.Debug|Any CPU.Build.0 = Debug|Any CPU
		{D1E2F3A4-B5C6-7890-1234-567890ABCDEF}.Debug|x64.ActiveCfg = Debug|Any CPU
		{D1E2F3A4-B5C6-7890-1234-567890ABCDEF}.Debug|x64.Build.0 = Debug|Any CPU
		{D1E2F3A4-B5C6-7890-1234-567890ABCDEF}.Debug|x86.ActiveCfg = Debug|Any CPU
		{D1E2F3A4-B5C6-7890-1234-567890ABCDEF}.Debug|x86.Build.0 = Debug|Any CPU
		{D1E2F3A4-B5C6-7890-1234-567890ABCDEF}.Release|Any CPU.ActiveCfg = Release|Any CPU
		{D1E2F3A4-B5C6-7890-1234-567890ABCDEF}.Release|Any CPU.Build.0 = Release|Any CPU
		{D1E2F3A4-B5C6-7890-1234-567890ABCDEF}.Release|x64.ActiveCfg = Release|Any CPU
		{D1E2F3A4-B5C6-7890-1234-567890ABCDEF}.Release|x64.Build.0 = Release|Any CPU
		{D1E2F3A4-B5C6-7890-1234-567890ABCDEF}.Release|x86.ActiveCfg = Release|Any CPU
		{D1E2F3A4-B5C6-7890-1234-567890ABCDEF}.Release|x86.Build.0 = Release|Any CPU
		{E2F3A4B5-C6D7-8901-2345-67890ABCDEF1}.Debug|Any CPU.ActiveCfg = Debug|Any CPU
		{E2F3A4B5-C6D7-8901-2345-67890ABCDEF1}.Debug|Any CPU.Build.0 = Debug|Any CPU
		{E2F3A4B5-C6D7-8901-2345-67890ABCDEF1}.Debug|x64.ActiveCfg = Debug|Any CPU
		{E2F3A4B5-C6D7-8901-2345-67890ABCDEF1}.Debug|x64.Build.0 = Debug|Any CPU
		{E2F3A4B5-C6D7-8901-2345-67890ABCDEF1}.Debug|x86.ActiveCfg = Debug|Any CPU
		{E2F3A4B5-C6D7-8901-2345-67890ABCDEF1}.Debug|x86.Build.0 = Debug|Any CPU
		{E2F3A4B5-C6D7-8901-2345-67890ABCDEF1}.Release|Any CPU.ActiveCfg = Release|Any CPU
		{E2F3A4B5-C6D7-8901-2345-67890ABCDEF1}.Release|Any CPU.Build.0 = Release|Any CPU
		{E2F3A4B5-C6D7-8901-2345-67890ABCDEF1}.Release|x64.ActiveCfg = Release|Any CPU
		{E2F3A4B5-C6D7-8901-2345-67890ABCDEF1}.Release|x64.Build.0 = Release|Any CPU
		{E2F3A4B5-C6D7-8901-2345-67890ABCDEF1}.Release|x86.ActiveCfg = Release|Any CPU
		{E2F3A4B5-C6D7-8901-2345-67890ABCDEF1}.Release|x86.Build.0 = Release|Any CPU
		{F3A4B5C6-D7E8-9012-3456-7890ABCDEF12}.Debug|Any CPU.ActiveCfg = Debug|Any CPU
		{F3A4B5C6-D7E8-9012-3456-7890ABCDEF12}.Debug|Any CPU.Build.0 = Debug|Any CPU
		{F3A4B5C6-D7E8-9012-3456-7890ABCDEF12}.Debug|x64.ActiveCfg = Debug|Any CPU
		{F3A4B5C6-D7E8-9012-3456-7890ABCDEF12}.Debug|x64.Build.0 = Debug|Any CPU
		{F3A4B5C6-D7E8-9012-3456-7890ABCDEF12}.Debug|x86.ActiveCfg = Debug|Any CPU
		{F3A4B5C6-D7E8-9012-3456-7890ABCDEF12}.Debug|x86.Build.0 = Debug|Any CPU
		{F3A4B5C6-D7E8-9012-3456-7890ABCDEF12}.Release|Any CPU.ActiveCfg = Release|Any CPU
		{F3A4B5C6-D7E8-9012-3456-7890ABCDEF12}.Release|Any CPU.Build.0 = Release|Any CPU
		{F3A4B5C6-D7E8-9012-3456-7890ABCDEF12}.Release|x64.ActiveCfg = Release|Any CPU
		{F3A4B5C6-D7E8-9012-3456-7890ABCDEF12}.Release|x64.Build.0 = Release|Any CPU
		{F3A4B5C6-D7E8-9012-3456-7890ABCDEF12}.Release|x86.ActiveCfg = Release|Any CPU
		{F3A4B5C6-D7E8-9012-3456-7890ABCDEF12}.Release|x86.Build.0 = Release|Any CPU
		{A4B5C6D7-E8F9-0123-4567-890ABCDEF123}.Debug|Any CPU.ActiveCfg = Debug|Any CPU
		{A4B5C6D7-E8F9-0123-4567-890ABCDEF123}.Debug|Any CPU.Build.0 = Debug|Any CPU
		{A4B5C6D7-E8F9-0123-4567-890ABCDEF123}.Debug|x64.ActiveCfg = Debug|Any CPU
		{A4B5C6D7-E8F9-0123-4567-890ABCDEF123}.Debug|x64.Build.0 = Debug|Any CPU
		{A4B5C6D7-E8F9-0123-4567-890ABCDEF123}.Debug|x86.ActiveCfg = Debug|Any CPU
		{A4B5C6D7-E8F9-0123-4567-890ABCDEF123}.Debug|x86.Build.0 = Debug|Any CPU
		{A4B5C6D7-E8F9-0123-4567-890ABCDEF123}.Release|Any CPU.ActiveCfg = Release|Any CPU
		{A4B5C6D7-E8F9-0123-4567-890ABCDEF123}.Release|Any CPU.Build.0 = Release|Any CPU
		{A4B5C6D7-E8F9-0123-4567-890ABCDEF123}.Release|x64.ActiveCfg = Release|Any CPU
		{A4B5C6D7-E8F9-0123-4567-890ABCDEF123}.Release|x64.Build.0 = Release|Any CPU
		{A4B5C6D7-E8F9-0123-4567-890ABCDEF123}.Release|x86.ActiveCfg = Release|Any CPU
		{A4B5C6D7-E8F9-0123-4567-890ABCDEF123}.Release|x86.Build.0 = Release|Any CPU
	EndGlobalSection
	GlobalSection(SolutionProperties) = preSolution
		HideSolutionNode = FALSE
	EndGlobalSection
	GlobalSection(NestedProjects) = preSolution
		{760B1B01-8084-4D14-8091-6F5DA5038632} = {827E0CD3-B72D-47B6-A68D-7590B98EB39B}
		{DF228177-8D07-499F-9734-33AE48FB1286} = {827E0CD3-B72D-47B6-A68D-7590B98EB39B}
		{9DA3FF17-2A0E-45B7-B9A5-FBA9F41B755A} = {827E0CD3-B72D-47B6-A68D-7590B98EB39B}
		{4D4927D3-CB80-4D75-9699-2BCCC67D613E} = {827E0CD3-B72D-47B6-A68D-7590B98EB39B}
		{3EE6DBBF-C5FA-482A-A351-A256025E106B} = {827E0CD3-B72D-47B6-A68D-7590B98EB39B}
		{B66D51AB-D684-4A5F-AE45-6A4B8F14AB98} = {827E0CD3-B72D-47B6-A68D-7590B98EB39B}
		{C8E7B2A1-5F3D-4E2B-9A1C-6D8E4F5B3A2C} = {827E0CD3-B72D-47B6-A68D-7590B98EB39B}
	EndGlobalSection
	GlobalSection(ExtensibilityGlobals) = postSolution
		SolutionGuid = {BCD39E59-47FE-4671-9F32-003E7BF63ADA}
	EndGlobalSection
EndGlobal
